
Microsoft Visual Studio Solution File, Format Version 12.00
# Visual Studio Version 17
VisualStudioVersion = 17.1.32210.238
MinimumVisualStudioVersion = 10.0.40219.1
Project("{FAE04EC0-301F-11D3-BF4B-00C04F79EFBC}") = "001_Helloworld", "001_Helloworld\001_Helloworld.csproj", "{37F43B96-4655-4ACA-B53E-55EA9B98E5D9}"
EndProject
Project("{FAE04EC0-301F-11D3-BF4B-00C04F79EFBC}") = "002_Forms", "002_Forms\002_Forms.csproj", "{27A0285E-7FD2-4426-BEDD-FD4C127106FF}"
EndProject
Project("{FAE04EC0-301F-11D3-BF4B-00C04F79EFBC}") = "003_Messegebox", "003_Messegebox\003_Messegebox.csproj", "{F8FACD1B-29FB-4565-9EE1-FB0F7AC04A07}"
EndProject
Project("{FAE04EC0-301F-11D3-BF4B-00C04F79EFBC}") = "004_Control", "004_Control\004_Control.csproj", "{6DE45627-9AB2-4E57-B8BC-7409E6BAFAEF}"
EndProject
Project("{FAE04EC0-301F-11D3-BF4B-00C04F79EFBC}") = "005_Label", "005_Label\005_Label.csproj", "{C2D53B51-AA01-4628-ACBC-744EAB6BA1C4}"
EndProject
Project("{FAE04EC0-301F-11D3-BF4B-00C04F79EFBC}") = "006_Flag", "006_Flag\006_Flag.csproj", "{65BC54B5-BAD3-44FA-B3EE-F0F0CBE87FFA}"
EndProject
Project("{FAE04EC0-301F-11D3-BF4B-00C04F79EFBC}") = "007_CheckBox", "007_CheckBox\007_CheckBox.csproj", "{28EEBF93-1DCB-4236-9483-D73B6EB97EEE}"
EndProject
Project("{FAE04EC0-301F-11D3-BF4B-00C04F79EFBC}") = "008_Radiobutton", "008_Radiobutton\008_Radiobutton.csproj", "{B88BF0B5-9449-43E8-A70C-5D0578066020}"
EndProject
Project("{FAE04EC0-301F-11D3-BF4B-00C04F79EFBC}") = "009_Login", "009_Login\009_Login.csproj", "{6FFB8DE8-B5CF-405F-A652-2DA5B12E3D9F}"
EndProject
Project("{FAE04EC0-301F-11D3-BF4B-00C04F79EFBC}") = "010_ScoreCalc", "010_ScoreCalc\010_ScoreCalc.csproj", "{29392FC4-F0D2-499F-AFDD-B0F4C790DB8E}"
EndProject
Project("{FAE04EC0-301F-11D3-BF4B-00C04F79EFBC}") = "011_ScrollBar", "011_ScrollBar\011_ScrollBar.csproj", "{616B9A3E-CB13-4567-A30C-097231E81A7A}"
EndProject
Project("{FAE04EC0-301F-11D3-BF4B-00C04F79EFBC}") = "012_ListBox", "012_ListBox\012_ListBox.csproj", "{5D642139-1DB1-4424-B406-D68F2BA5DE81}"
EndProject
Project("{FAE04EC0-301F-11D3-BF4B-00C04F79EFBC}") = "013_ComboBox", "013_ComboBox\013_ComboBox.csproj", "{E7E1A37E-6E27-4EFB-AC9E-C52F02128BD3}"
EndProject
Project("{FAE04EC0-301F-11D3-BF4B-00C04F79EFBC}") = "014_ComboBox", "014_ComboBox\014_ComboBox.csproj", "{11048BE4-EB9C-4809-8331-7CEABA135180}"
EndProject
Project("{FAE04EC0-301F-11D3-BF4B-00C04F79EFBC}") = "015_CheckedListBox", "015_CheckedListBox\015_CheckedListBox.csproj", "{EA97A3B6-15F7-4556-9DB7-2D3AA2C947E4}"
EndProject
Project("{FAE04EC0-301F-11D3-BF4B-00C04F79EFBC}") = "016_ListView", "016_ListView\016_ListView.csproj", "{5C02407F-0225-4855-907B-A8E28CC4745F}"
EndProject
Project("{FAE04EC0-301F-11D3-BF4B-00C04F79EFBC}") = "017_TreeView", "017_TreeView\017_TreeView.csproj", "{67E5D56E-A5A4-489E-BD97-EAA1FB375313}"
EndProject
Project("{FAE04EC0-301F-11D3-BF4B-00C04F79EFBC}") = "018_Timer", "018_Timer\018_Timer.csproj", "{C54A333F-4816-440A-8834-A2148B8E93AE}"
EndProject
Project("{FAE04EC0-301F-11D3-BF4B-00C04F79EFBC}") = "019_TrackBar", "019_TrackBar\019_TrackBar.csproj", "{A2CB16AE-B09E-43B0-84C8-E9CD013784A2}"
EndProject
Project("{FAE04EC0-301F-11D3-BF4B-00C04F79EFBC}") = "020_DateTimePicker", "020_DateTimePicker\020_DateTimePicker.csproj", "{A247E8BA-1491-4B38-B7A7-0DF571E3668D}"
EndProject
Project("{FAE04EC0-301F-11D3-BF4B-00C04F79EFBC}") = "021_WMP", "021_WMP\021_WMP.csproj", "{E833A495-BDD6-4AA2-AF96-0AF4FA32E190}"
EndProject
Project("{FAE04EC0-301F-11D3-BF4B-00C04F79EFBC}") = "022_HelloWorld", "022_HelloWorld\022_HelloWorld.csproj", "{572BCED1-6809-4D53-A1E7-E674EAFD3656}"
EndProject
Project("{FAE04EC0-301F-11D3-BF4B-00C04F79EFBC}") = "023_grid", "023_grid\023_grid.csproj", "{90A70E68-166E-40E1-9F2D-947B11CFF3D2}"
EndProject
Project("{FAE04EC0-301F-11D3-BF4B-00C04F79EFBC}") = "024_stackPanel", "024_stackPanel\024_stackPanel.csproj", "{3E4C3536-98F8-41F9-8A34-B712FAEF1B00}"
EndProject
Project("{FAE04EC0-301F-11D3-BF4B-00C04F79EFBC}") = "025_userControl", "025_userControl\025_userControl.csproj", "{1CD9B823-591E-44DF-A1B3-BA2C9A3F5980}"
EndProject
Project("{FAE04EC0-301F-11D3-BF4B-00C04F79EFBC}") = "026_uniformGrid", "026_uniformGrid\026_uniformGrid.csproj", "{3B7EDC4A-40B7-48F8-B604-2B527837960C}"
EndProject
Project("{FAE04EC0-301F-11D3-BF4B-00C04F79EFBC}") = "027_ChessBoard", "027_chessBoard\027_ChessBoard.csproj", "{1340FC05-0330-4889-B2FC-324F4253B3F5}"
EndProject
Project("{FAE04EC0-301F-11D3-BF4B-00C04F79EFBC}") = "028_windowsCalc", "028_windowsCalc\028_windowsCalc.csproj", "{99F65866-5997-42E0-A9E0-8EE7041F310C}"
EndProject
Project("{FAE04EC0-301F-11D3-BF4B-00C04F79EFBC}") = "029_ListNArray", "029_ListNArray\029_ListNArray.csproj", "{87F810F1-81F6-4FB8-8851-5F8A6D52CA77}"
EndProject
Project("{FAE04EC0-301F-11D3-BF4B-00C04F79EFBC}") = "030_PhoneBook", "030_PhoneBook\030_PhoneBook.csproj", "{CD4B2D53-85FB-4ED5-8878-85D32434DE7D}"
EndProject
Global
	GlobalSection(SolutionConfigurationPlatforms) = preSolution
		Debug|Any CPU = Debug|Any CPU
		Release|Any CPU = Release|Any CPU
	EndGlobalSection
	GlobalSection(ProjectConfigurationPlatforms) = postSolution
		{37F43B96-4655-4ACA-B53E-55EA9B98E5D9}.Debug|Any CPU.ActiveCfg = Debug|Any CPU
		{37F43B96-4655-4ACA-B53E-55EA9B98E5D9}.Debug|Any CPU.Build.0 = Debug|Any CPU
		{37F43B96-4655-4ACA-B53E-55EA9B98E5D9}.Release|Any CPU.ActiveCfg = Release|Any CPU
		{37F43B96-4655-4ACA-B53E-55EA9B98E5D9}.Release|Any CPU.Build.0 = Release|Any CPU
		{27A0285E-7FD2-4426-BEDD-FD4C127106FF}.Debug|Any CPU.ActiveCfg = Debug|Any CPU
		{27A0285E-7FD2-4426-BEDD-FD4C127106FF}.Debug|Any CPU.Build.0 = Debug|Any CPU
		{27A0285E-7FD2-4426-BEDD-FD4C127106FF}.Release|Any CPU.ActiveCfg = Release|Any CPU
		{27A0285E-7FD2-4426-BEDD-FD4C127106FF}.Release|Any CPU.Build.0 = Release|Any CPU
		{F8FACD1B-29FB-4565-9EE1-FB0F7AC04A07}.Debug|Any CPU.ActiveCfg = Debug|Any CPU
		{F8FACD1B-29FB-4565-9EE1-FB0F7AC04A07}.Debug|Any CPU.Build.0 = Debug|Any CPU
		{F8FACD1B-29FB-4565-9EE1-FB0F7AC04A07}.Release|Any CPU.ActiveCfg = Release|Any CPU
		{F8FACD1B-29FB-4565-9EE1-FB0F7AC04A07}.Release|Any CPU.Build.0 = Release|Any CPU
		{6DE45627-9AB2-4E57-B8BC-7409E6BAFAEF}.Debug|Any CPU.ActiveCfg = Debug|Any CPU
		{6DE45627-9AB2-4E57-B8BC-7409E6BAFAEF}.Debug|Any CPU.Build.0 = Debug|Any CPU
		{6DE45627-9AB2-4E57-B8BC-7409E6BAFAEF}.Release|Any CPU.ActiveCfg = Release|Any CPU
		{6DE45627-9AB2-4E57-B8BC-7409E6BAFAEF}.Release|Any CPU.Build.0 = Release|Any CPU
		{C2D53B51-AA01-4628-ACBC-744EAB6BA1C4}.Debug|Any CPU.ActiveCfg = Debug|Any CPU
		{C2D53B51-AA01-4628-ACBC-744EAB6BA1C4}.Debug|Any CPU.Build.0 = Debug|Any CPU
		{C2D53B51-AA01-4628-ACBC-744EAB6BA1C4}.Release|Any CPU.ActiveCfg = Release|Any CPU
		{C2D53B51-AA01-4628-ACBC-744EAB6BA1C4}.Release|Any CPU.Build.0 = Release|Any CPU
		{65BC54B5-BAD3-44FA-B3EE-F0F0CBE87FFA}.Debug|Any CPU.ActiveCfg = Debug|Any CPU
		{65BC54B5-BAD3-44FA-B3EE-F0F0CBE87FFA}.Debug|Any CPU.Build.0 = Debug|Any CPU
		{65BC54B5-BAD3-44FA-B3EE-F0F0CBE87FFA}.Release|Any CPU.ActiveCfg = Release|Any CPU
		{65BC54B5-BAD3-44FA-B3EE-F0F0CBE87FFA}.Release|Any CPU.Build.0 = Release|Any CPU
		{28EEBF93-1DCB-4236-9483-D73B6EB97EEE}.Debug|Any CPU.ActiveCfg = Debug|Any CPU
		{28EEBF93-1DCB-4236-9483-D73B6EB97EEE}.Debug|Any CPU.Build.0 = Debug|Any CPU
		{28EEBF93-1DCB-4236-9483-D73B6EB97EEE}.Release|Any CPU.ActiveCfg = Release|Any CPU
		{28EEBF93-1DCB-4236-9483-D73B6EB97EEE}.Release|Any CPU.Build.0 = Release|Any CPU
		{B88BF0B5-9449-43E8-A70C-5D0578066020}.Debug|Any CPU.ActiveCfg = Debug|Any CPU
		{B88BF0B5-9449-43E8-A70C-5D0578066020}.Debug|Any CPU.Build.0 = Debug|Any CPU
		{B88BF0B5-9449-43E8-A70C-5D0578066020}.Release|Any CPU.ActiveCfg = Release|Any CPU
		{B88BF0B5-9449-43E8-A70C-5D0578066020}.Release|Any CPU.Build.0 = Release|Any CPU
		{6FFB8DE8-B5CF-405F-A652-2DA5B12E3D9F}.Debug|Any CPU.ActiveCfg = Debug|Any CPU
		{6FFB8DE8-B5CF-405F-A652-2DA5B12E3D9F}.Debug|Any CPU.Build.0 = Debug|Any CPU
		{6FFB8DE8-B5CF-405F-A652-2DA5B12E3D9F}.Release|Any CPU.ActiveCfg = Release|Any CPU
		{6FFB8DE8-B5CF-405F-A652-2DA5B12E3D9F}.Release|Any CPU.Build.0 = Release|Any CPU
		{29392FC4-F0D2-499F-AFDD-B0F4C790DB8E}.Debug|Any CPU.ActiveCfg = Debug|Any CPU
		{29392FC4-F0D2-499F-AFDD-B0F4C790DB8E}.Debug|Any CPU.Build.0 = Debug|Any CPU
		{29392FC4-F0D2-499F-AFDD-B0F4C790DB8E}.Release|Any CPU.ActiveCfg = Release|Any CPU
		{29392FC4-F0D2-499F-AFDD-B0F4C790DB8E}.Release|Any CPU.Build.0 = Release|Any CPU
		{616B9A3E-CB13-4567-A30C-097231E81A7A}.Debug|Any CPU.ActiveCfg = Debug|Any CPU
		{616B9A3E-CB13-4567-A30C-097231E81A7A}.Debug|Any CPU.Build.0 = Debug|Any CPU
		{616B9A3E-CB13-4567-A30C-097231E81A7A}.Release|Any CPU.ActiveCfg = Release|Any CPU
		{616B9A3E-CB13-4567-A30C-097231E81A7A}.Release|Any CPU.Build.0 = Release|Any CPU
		{5D642139-1DB1-4424-B406-D68F2BA5DE81}.Debug|Any CPU.ActiveCfg = Debug|Any CPU
		{5D642139-1DB1-4424-B406-D68F2BA5DE81}.Debug|Any CPU.Build.0 = Debug|Any CPU
		{5D642139-1DB1-4424-B406-D68F2BA5DE81}.Release|Any CPU.ActiveCfg = Release|Any CPU
		{5D642139-1DB1-4424-B406-D68F2BA5DE81}.Release|Any CPU.Build.0 = Release|Any CPU
		{E7E1A37E-6E27-4EFB-AC9E-C52F02128BD3}.Debug|Any CPU.ActiveCfg = Debug|Any CPU
		{E7E1A37E-6E27-4EFB-AC9E-C52F02128BD3}.Debug|Any CPU.Build.0 = Debug|Any CPU
		{E7E1A37E-6E27-4EFB-AC9E-C52F02128BD3}.Release|Any CPU.ActiveCfg = Release|Any CPU
		{E7E1A37E-6E27-4EFB-AC9E-C52F02128BD3}.Release|Any CPU.Build.0 = Release|Any CPU
		{11048BE4-EB9C-4809-8331-7CEABA135180}.Debug|Any CPU.ActiveCfg = Debug|Any CPU
		{11048BE4-EB9C-4809-8331-7CEABA135180}.Debug|Any CPU.Build.0 = Debug|Any CPU
		{11048BE4-EB9C-4809-8331-7CEABA135180}.Release|Any CPU.ActiveCfg = Release|Any CPU
		{11048BE4-EB9C-4809-8331-7CEABA135180}.Release|Any CPU.Build.0 = Release|Any CPU
		{EA97A3B6-15F7-4556-9DB7-2D3AA2C947E4}.Debug|Any CPU.ActiveCfg = Debug|Any CPU
		{EA97A3B6-15F7-4556-9DB7-2D3AA2C947E4}.Debug|Any CPU.Build.0 = Debug|Any CPU
		{EA97A3B6-15F7-4556-9DB7-2D3AA2C947E4}.Release|Any CPU.ActiveCfg = Release|Any CPU
		{EA97A3B6-15F7-4556-9DB7-2D3AA2C947E4}.Release|Any CPU.Build.0 = Release|Any CPU
		{5C02407F-0225-4855-907B-A8E28CC4745F}.Debug|Any CPU.ActiveCfg = Debug|Any CPU
		{5C02407F-0225-4855-907B-A8E28CC4745F}.Debug|Any CPU.Build.0 = Debug|Any CPU
		{5C02407F-0225-4855-907B-A8E28CC4745F}.Release|Any CPU.ActiveCfg = Release|Any CPU
		{5C02407F-0225-4855-907B-A8E28CC4745F}.Release|Any CPU.Build.0 = Release|Any CPU
		{67E5D56E-A5A4-489E-BD97-EAA1FB375313}.Debug|Any CPU.ActiveCfg = Debug|Any CPU
		{67E5D56E-A5A4-489E-BD97-EAA1FB375313}.Debug|Any CPU.Build.0 = Debug|Any CPU
		{67E5D56E-A5A4-489E-BD97-EAA1FB375313}.Release|Any CPU.ActiveCfg = Release|Any CPU
		{67E5D56E-A5A4-489E-BD97-EAA1FB375313}.Release|Any CPU.Build.0 = Release|Any CPU
		{C54A333F-4816-440A-8834-A2148B8E93AE}.Debug|Any CPU.ActiveCfg = Debug|Any CPU
		{C54A333F-4816-440A-8834-A2148B8E93AE}.Debug|Any CPU.Build.0 = Debug|Any CPU
		{C54A333F-4816-440A-8834-A2148B8E93AE}.Release|Any CPU.ActiveCfg = Release|Any CPU
		{C54A333F-4816-440A-8834-A2148B8E93AE}.Release|Any CPU.Build.0 = Release|Any CPU
		{A2CB16AE-B09E-43B0-84C8-E9CD013784A2}.Debug|Any CPU.ActiveCfg = Debug|Any CPU
		{A2CB16AE-B09E-43B0-84C8-E9CD013784A2}.Debug|Any CPU.Build.0 = Debug|Any CPU
		{A2CB16AE-B09E-43B0-84C8-E9CD013784A2}.Release|Any CPU.ActiveCfg = Release|Any CPU
		{A2CB16AE-B09E-43B0-84C8-E9CD013784A2}.Release|Any CPU.Build.0 = Release|Any CPU
		{A247E8BA-1491-4B38-B7A7-0DF571E3668D}.Debug|Any CPU.ActiveCfg = Debug|Any CPU
		{A247E8BA-1491-4B38-B7A7-0DF571E3668D}.Debug|Any CPU.Build.0 = Debug|Any CPU
		{A247E8BA-1491-4B38-B7A7-0DF571E3668D}.Release|Any CPU.ActiveCfg = Release|Any CPU
		{A247E8BA-1491-4B38-B7A7-0DF571E3668D}.Release|Any CPU.Build.0 = Release|Any CPU
		{E833A495-BDD6-4AA2-AF96-0AF4FA32E190}.Debug|Any CPU.ActiveCfg = Debug|Any CPU
		{E833A495-BDD6-4AA2-AF96-0AF4FA32E190}.Debug|Any CPU.Build.0 = Debug|Any CPU
		{E833A495-BDD6-4AA2-AF96-0AF4FA32E190}.Release|Any CPU.ActiveCfg = Release|Any CPU
		{E833A495-BDD6-4AA2-AF96-0AF4FA32E190}.Release|Any CPU.Build.0 = Release|Any CPU
		{572BCED1-6809-4D53-A1E7-E674EAFD3656}.Debug|Any CPU.ActiveCfg = Debug|Any CPU
		{572BCED1-6809-4D53-A1E7-E674EAFD3656}.Debug|Any CPU.Build.0 = Debug|Any CPU
		{572BCED1-6809-4D53-A1E7-E674EAFD3656}.Release|Any CPU.ActiveCfg = Release|Any CPU
		{572BCED1-6809-4D53-A1E7-E674EAFD3656}.Release|Any CPU.Build.0 = Release|Any CPU
		{90A70E68-166E-40E1-9F2D-947B11CFF3D2}.Debug|Any CPU.ActiveCfg = Debug|Any CPU
		{90A70E68-166E-40E1-9F2D-947B11CFF3D2}.Debug|Any CPU.Build.0 = Debug|Any CPU
		{90A70E68-166E-40E1-9F2D-947B11CFF3D2}.Release|Any CPU.ActiveCfg = Release|Any CPU
		{90A70E68-166E-40E1-9F2D-947B11CFF3D2}.Release|Any CPU.Build.0 = Release|Any CPU
		{3E4C3536-98F8-41F9-8A34-B712FAEF1B00}.Debug|Any CPU.ActiveCfg = Debug|Any CPU
		{3E4C3536-98F8-41F9-8A34-B712FAEF1B00}.Debug|Any CPU.Build.0 = Debug|Any CPU
		{3E4C3536-98F8-41F9-8A34-B712FAEF1B00}.Release|Any CPU.ActiveCfg = Release|Any CPU
		{3E4C3536-98F8-41F9-8A34-B712FAEF1B00}.Release|Any CPU.Build.0 = Release|Any CPU
		{1CD9B823-591E-44DF-A1B3-BA2C9A3F5980}.Debug|Any CPU.ActiveCfg = Debug|Any CPU
		{1CD9B823-591E-44DF-A1B3-BA2C9A3F5980}.Debug|Any CPU.Build.0 = Debug|Any CPU
		{1CD9B823-591E-44DF-A1B3-BA2C9A3F5980}.Release|Any CPU.ActiveCfg = Release|Any CPU
		{1CD9B823-591E-44DF-A1B3-BA2C9A3F5980}.Release|Any CPU.Build.0 = Release|Any CPU
		{3B7EDC4A-40B7-48F8-B604-2B527837960C}.Debug|Any CPU.ActiveCfg = Debug|Any CPU
		{3B7EDC4A-40B7-48F8-B604-2B527837960C}.Debug|Any CPU.Build.0 = Debug|Any CPU
		{3B7EDC4A-40B7-48F8-B604-2B527837960C}.Release|Any CPU.ActiveCfg = Release|Any CPU
		{3B7EDC4A-40B7-48F8-B604-2B527837960C}.Release|Any CPU.Build.0 = Release|Any CPU
		{1340FC05-0330-4889-B2FC-324F4253B3F5}.Debug|Any CPU.ActiveCfg = Debug|Any CPU
		{1340FC05-0330-4889-B2FC-324F4253B3F5}.Debug|Any CPU.Build.0 = Debug|Any CPU
		{1340FC05-0330-4889-B2FC-324F4253B3F5}.Release|Any CPU.ActiveCfg = Release|Any CPU
		{1340FC05-0330-4889-B2FC-324F4253B3F5}.Release|Any CPU.Build.0 = Release|Any CPU
		{99F65866-5997-42E0-A9E0-8EE7041F310C}.Debug|Any CPU.ActiveCfg = Debug|Any CPU
		{99F65866-5997-42E0-A9E0-8EE7041F310C}.Debug|Any CPU.Build.0 = Debug|Any CPU
		{99F65866-5997-42E0-A9E0-8EE7041F310C}.Release|Any CPU.ActiveCfg = Release|Any CPU
		{99F65866-5997-42E0-A9E0-8EE7041F310C}.Release|Any CPU.Build.0 = Release|Any CPU
		{87F810F1-81F6-4FB8-8851-5F8A6D52CA77}.Debug|Any CPU.ActiveCfg = Debug|Any CPU
		{87F810F1-81F6-4FB8-8851-5F8A6D52CA77}.Debug|Any CPU.Build.0 = Debug|Any CPU
		{87F810F1-81F6-4FB8-8851-5F8A6D52CA77}.Release|Any CPU.ActiveCfg = Release|Any CPU
		{87F810F1-81F6-4FB8-8851-5F8A6D52CA77}.Release|Any CPU.Build.0 = Release|Any CPU
		{CD4B2D53-85FB-4ED5-8878-85D32434DE7D}.Debug|Any CPU.ActiveCfg = Debug|Any CPU
		{CD4B2D53-85FB-4ED5-8878-85D32434DE7D}.Debug|Any CPU.Build.0 = Debug|Any CPU
		{CD4B2D53-85FB-4ED5-8878-85D32434DE7D}.Release|Any CPU.ActiveCfg = Release|Any CPU
		{CD4B2D53-85FB-4ED5-8878-85D32434DE7D}.Release|Any CPU.Build.0 = Release|Any CPU
	EndGlobalSection
	GlobalSection(SolutionProperties) = preSolution
		HideSolutionNode = FALSE
	EndGlobalSection
	GlobalSection(ExtensibilityGlobals) = postSolution
		SolutionGuid = {561852C4-F034-4165-8837-87E1EE546B70}
	EndGlobalSection
EndGlobal
